// !$*UTF8*$!
{
	archiveVersion = 1;
	classes = {
	};
	objectVersion = 46;
	objects = {

/* Begin PBXBuildFile section */
		85817AA61E4408C800695D54 /* AppDelegate.swift in Sources */ = {isa = PBXBuildFile; fileRef = 85817AA51E4408C800695D54 /* AppDelegate.swift */; };
		85817AA81E4408C800695D54 /* MainVC.swift in Sources */ = {isa = PBXBuildFile; fileRef = 85817AA71E4408C800695D54 /* MainVC.swift */; };
		85817AAB1E4408C800695D54 /* Main.storyboard in Resources */ = {isa = PBXBuildFile; fileRef = 85817AA91E4408C800695D54 /* Main.storyboard */; };
		85817AAD1E4408C800695D54 /* Assets.xcassets in Resources */ = {isa = PBXBuildFile; fileRef = 85817AAC1E4408C800695D54 /* Assets.xcassets */; };
		85817AB01E4408C800695D54 /* LaunchScreen.storyboard in Resources */ = {isa = PBXBuildFile; fileRef = 85817AAE1E4408C800695D54 /* LaunchScreen.storyboard */; };
		85817ABD1E4473B900695D54 /* still time.ttf in Resources */ = {isa = PBXBuildFile; fileRef = 85817ABC1E4473B900695D54 /* still time.ttf */; };
		85817AC01E44759600695D54 /* VideoVC.swift in Sources */ = {isa = PBXBuildFile; fileRef = 85817ABF1E44759600695D54 /* VideoVC.swift */; };
		85817AC21E4477DA00695D54 /* PartyCell.swift in Sources */ = {isa = PBXBuildFile; fileRef = 85817AC11E4477DA00695D54 /* PartyCell.swift */; };
		85817AC41E4479D600695D54 /* PartyRock.swift in Sources */ = {isa = PBXBuildFile; fileRef = 85817AC31E4479D600695D54 /* PartyRock.swift */; };
/* End PBXBuildFile section */

/* Begin PBXFileReference section */
		85817AA21E4408C800695D54 /* PartyRockApp.app */ = {isa = PBXFileReference; explicitFileType = wrapper.application; includeInIndex = 0; path = PartyRockApp.app; sourceTree = BUILT_PRODUCTS_DIR; };
		85817AA51E4408C800695D54 /* AppDelegate.swift */ = {isa = PBXFileReference; lastKnownFileType = sourcecode.swift; path = AppDelegate.swift; sourceTree = "<group>"; };
		85817AA71E4408C800695D54 /* MainVC.swift */ = {isa = PBXFileReference; lastKnownFileType = sourcecode.swift; path = MainVC.swift; sourceTree = "<group>"; };
		85817AAA1E4408C800695D54 /* Base */ = {isa = PBXFileReference; lastKnownFileType = file.storyboard; name = Base; path = Base.lproj/Main.storyboard; sourceTree = "<group>"; };
		85817AAC1E4408C800695D54 /* Assets.xcassets */ = {isa = PBXFileReference; lastKnownFileType = folder.assetcatalog; path = Assets.xcassets; sourceTree = "<group>"; };
		85817AAF1E4408C800695D54 /* Base */ = {isa = PBXFileReference; lastKnownFileType = file.storyboard; name = Base; path = Base.lproj/LaunchScreen.storyboard; sourceTree = "<group>"; };
		85817AB11E4408C800695D54 /* Info.plist */ = {isa = PBXFileReference; lastKnownFileType = text.plist.xml; path = Info.plist; sourceTree = "<group>"; };
		85817ABC1E4473B900695D54 /* still time.ttf */ = {isa = PBXFileReference; lastKnownFileType = file; path = "still time.ttf"; sourceTree = "<group>"; };
		85817ABF1E44759600695D54 /* VideoVC.swift */ = {isa = PBXFileReference; fileEncoding = 4; lastKnownFileType = sourcecode.swift; path = VideoVC.swift; sourceTree = "<group>"; };
		85817AC11E4477DA00695D54 /* PartyCell.swift */ = {isa = PBXFileReference; fileEncoding = 4; lastKnownFileType = sourcecode.swift; path = PartyCell.swift; sourceTree = "<group>"; };
		85817AC31E4479D600695D54 /* PartyRock.swift */ = {isa = PBXFileReference; fileEncoding = 4; lastKnownFileType = sourcecode.swift; path = PartyRock.swift; sourceTree = "<group>"; };
/* End PBXFileReference section */

/* Begin PBXFrameworksBuildPhase section */
		85817A9F1E4408C700695D54 /* Frameworks */ = {
			isa = PBXFrameworksBuildPhase;
			buildActionMask = 2147483647;
			files = (
			);
			runOnlyForDeploymentPostprocessing = 0;
		};
/* End PBXFrameworksBuildPhase section */

/* Begin PBXGroup section */
		85817A991E4408C700695D54 = {
			isa = PBXGroup;
			children = (
				85817AA41E4408C800695D54 /* PartyRockApp */,
				85817AA31E4408C800695D54 /* Products */,
			);
			sourceTree = "<group>";
		};
		85817AA31E4408C800695D54 /* Products */ = {
			isa = PBXGroup;
			children = (
				85817AA21E4408C800695D54 /* PartyRockApp.app */,
			);
			name = Products;
			sourceTree = "<group>";
		};
		85817AA41E4408C800695D54 /* PartyRockApp */ = {
			isa = PBXGroup;
			children = (
				85817ABE1E4473C000695D54 /* Files */,
				85817ABB1E440A1200695D54 /* Model */,
				85817ABA1E440A0B00695D54 /* View */,
				85817AB71E4409A900695D54 /* Controller */,
				85817AA51E4408C800695D54 /* AppDelegate.swift */,
				85817AA91E4408C800695D54 /* Main.storyboard */,
				85817AAC1E4408C800695D54 /* Assets.xcassets */,
				85817AAE1E4408C800695D54 /* LaunchScreen.storyboard */,
				85817AB11E4408C800695D54 /* Info.plist */,
			);
			path = PartyRockApp;
			sourceTree = "<group>";
		};
		85817AB71E4409A900695D54 /* Controller */ = {
			isa = PBXGroup;
			children = (
				85817AA71E4408C800695D54 /* MainVC.swift */,
				85817ABF1E44759600695D54 /* VideoVC.swift */,
			);
			name = Controller;
			sourceTree = "<group>";
		};
		85817ABA1E440A0B00695D54 /* View */ = {
			isa = PBXGroup;
			children = (
				85817AC11E4477DA00695D54 /* PartyCell.swift */,
			);
			name = View;
			sourceTree = "<group>";
		};
		85817ABB1E440A1200695D54 /* Model */ = {
			isa = PBXGroup;
			children = (
				85817AC31E4479D600695D54 /* PartyRock.swift */,
			);
			name = Model;
			sourceTree = "<group>";
		};
		85817ABE1E4473C000695D54 /* Files */ = {
			isa = PBXGroup;
			children = (
				85817ABC1E4473B900695D54 /* still time.ttf */,
			);
			name = Files;
			sourceTree = "<group>";
		};
/* End PBXGroup section */

/* Begin PBXNativeTarget section */
		85817AA11E4408C700695D54 /* PartyRockApp */ = {
			isa = PBXNativeTarget;
			buildConfigurationList = 85817AB41E4408C800695D54 /* Build configuration list for PBXNativeTarget "PartyRockApp" */;
			buildPhases = (
				85817A9E1E4408C700695D54 /* Sources */,
				85817A9F1E4408C700695D54 /* Frameworks */,
				85817AA01E4408C700695D54 /* Resources */,
			);
			buildRules = (
			);
			dependencies = (
			);
			name = PartyRockApp;
			productName = PartyRockApp;
			productReference = 85817AA21E4408C800695D54 /* PartyRockApp.app */;
			productType = "com.apple.product-type.application";
		};
/* End PBXNativeTarget section */

/* Begin PBXProject section */
		85817A9A1E4408C700695D54 /* Project object */ = {
			isa = PBXProject;
			attributes = {
				LastSwiftUpdateCheck = 0820;
				LastUpgradeCheck = 0820;
				ORGANIZATIONNAME = SUSU;
				TargetAttributes = {
					85817AA11E4408C700695D54 = {
						CreatedOnToolsVersion = 8.2.1;
						DevelopmentTeam = VRSS4L6UDW;
						ProvisioningStyle = Automatic;
					};
				};
			};
			buildConfigurationList = 85817A9D1E4408C700695D54 /* Build configuration list for PBXProject "PartyRockApp" */;
			compatibilityVersion = "Xcode 3.2";
			developmentRegion = English;
			hasScannedForEncodings = 0;
			knownRegions = (
				en,
				Base,
			);
			mainGroup = 85817A991E4408C700695D54;
			productRefGroup = 85817AA31E4408C800695D54 /* Products */;
			projectDirPath = "";
			projectRoot = "";
			targets = (
				85817AA11E4408C700695D54 /* PartyRockApp */,
			);
		};
/* End PBXProject section */

/* Begin PBXResourcesBuildPhase section */
		85817AA01E4408C700695D54 /* Resources */ = {
			isa = PBXResourcesBuildPhase;
			buildActionMask = 2147483647;
			files = (
				85817AB01E4408C800695D54 /* LaunchScreen.storyboard in Resources */,
				85817ABD1E4473B900695D54 /* still time.ttf in Resources */,
				85817AAD1E4408C800695D54 /* Assets.xcassets in Resources */,
				85817AAB1E4408C800695D54 /* Main.storyboard in Resources */,
			);
			runOnlyForDeploymentPostprocessing = 0;
		};
/* End PBXResourcesBuildPhase section */

/* Begin PBXSourcesBuildPhase section */
		85817A9E1E4408C700695D54 /* Sources */ = {
			isa = PBXSourcesBuildPhase;
			buildActionMask = 2147483647;
			files = (
				85817AC01E44759600695D54 /* VideoVC.swift in Sources */,
				85817AA81E4408C800695D54 /* MainVC.swift in Sources */,
				85817AC41E4479D600695D54 /* PartyRock.swift in Sources */,
				85817AC21E4477DA00695D54 /* PartyCell.swift in Sources */,
				85817AA61E4408C800695D54 /* AppDelegate.swift in Sources */,
			);
			runOnlyForDeploymentPostprocessing = 0;
		};
/* End PBXSourcesBuildPhase section */

/* Begin PBXVariantGroup section */
		85817AA91E4408C800695D54 /* Main.storyboard */ = {
			isa = PBXVariantGroup;
			children = (
				85817AAA1E4408C800695D54 /* Base */,
			);
			name = Main.storyboard;
			sourceTree = "<group>";
		};
		85817AAE1E4408C800695D54 /* LaunchScreen.storyboard */ = {
			isa = PBXVariantGroup;
			children = (
				85817AAF1E4408C800695D54 /* Base */,
			);
			name = LaunchScreen.storyboard;
			sourceTree = "<group>";
		};
/* End PBXVariantGroup section */

/* Begin XCBuildConfiguration section */
		85817AB21E4408C800695D54 /* Debug */ = {
			isa = XCBuildConfiguration;
			buildSettings = {
				ALWAYS_SEARCH_USER_PATHS = NO;
				CLANG_ANALYZER_NONNULL = YES;
				CLANG_CXX_LANGUAGE_STANDARD = "gnu++0x";
				CLANG_CXX_LIBRARY = "libc++";
				CLANG_ENABLE_MODULES = YES;
				CLANG_ENABLE_OBJC_ARC = YES;
				CLANG_WARN_BOOL_CONVERSION = YES;
				CLANG_WARN_CONSTANT_CONVERSION = YES;
				CLANG_WARN_DIRECT_OBJC_ISA_USAGE = YES_ERROR;
				CLANG_WARN_DOCUMENTATION_COMMENTS = YES;
				CLANG_WARN_EMPTY_BODY = YES;
				CLANG_WARN_ENUM_CONVERSION = YES;
				CLANG_WARN_INFINITE_RECURSION = YES;
				CLANG_WARN_INT_CONVERSION = YES;
				CLANG_WARN_OBJC_ROOT_CLASS = YES_ERROR;
				CLANG_WARN_SUSPICIOUS_MOVE = YES;
				CLANG_WARN_UNREACHABLE_CODE = YES;
				CLANG_WARN__DUPLICATE_METHOD_MATCH = YES;
				"CODE_SIGN_IDENTITY[sdk=iphoneos*]" = "iPhone Developer";
				COPY_PHASE_STRIP = NO;
				DEBUG_INFORMATION_FORMAT = dwarf;
				ENABLE_STRICT_OBJC_MSGSEND = YES;
				ENABLE_TESTABILITY = YES;
				GCC_C_LANGUAGE_STANDARD = gnu99;
				GCC_DYNAMIC_NO_PIC = NO;
				GCC_NO_COMMON_BLOCKS = YES;
				GCC_OPTIMIZATION_LEVEL = 0;
				GCC_PREPROCESSOR_DEFINITIONS = (
					"DEBUG=1",
					"$(inherited)",
				);
				GCC_WARN_64_TO_32_BIT_CONVERSION = YES;
				GCC_WARN_ABOUT_RETURN_TYPE = YES_ERROR;
				GCC_WARN_UNDECLARED_SELECTOR = YES;
				GCC_WARN_UNINITIALIZED_AUTOS = YES_AGGRESSIVE;
				GCC_WARN_UNUSED_FUNCTION = YES;
				GCC_WARN_UNUSED_VARIABLE = YES;
				IPHONEOS_DEPLOYMENT_TARGET = 10.2;
				MTL_ENABLE_DEBUG_INFO = YES;
				ONLY_ACTIVE_ARCH = YES;
				SDKROOT = iphoneos;
				SWIFT_ACTIVE_COMPILATION_CONDITIONS = DEBUG;
				SWIFT_OPTIMIZATION_LEVEL = "-Onone";
			};
			name = Debug;
		};
		85817AB31E4408C800695D54 /* Release */ = {
			isa = XCBuildConfiguration;
			buildSettings = {
				ALWAYS_SEARCH_USER_PATHS = NO;
				CLANG_ANALYZER_NONNULL = YES;
				CLANG_CXX_LANGUAGE_STANDARD = "gnu++0x";
				CLANG_CXX_LIBRARY = "libc++";
				CLANG_ENABLE_MODULES = YES;
				CLANG_ENABLE_OBJC_ARC = YES;
				CLANG_WARN_BOOL_CONVERSION = YES;
				CLANG_WARN_CONSTANT_CONVERSION = YES;
				CLANG_WARN_DIRECT_OBJC_ISA_USAGE = YES_ERROR;
				CLANG_WARN_DOCUMENTATION_COMMENTS = YES;
				CLANG_WARN_EMPTY_BODY = YES;
				CLANG_WARN_ENUM_CONVERSION = YES;
				CLANG_WARN_INFINITE_RECURSION = YES;
				CLANG_WARN_INT_CONVERSION = YES;
				CLANG_WARN_OBJC_ROOT_CLASS = YES_ERROR;
				CLANG_WARN_SUSPICIOUS_MOVE = YES;
				CLANG_WARN_UNREACHABLE_CODE = YES;
				CLANG_WARN__DUPLICATE_METHOD_MATCH = YES;
				"CODE_SIGN_IDENTITY[sdk=iphoneos*]" = "iPhone Developer";
				COPY_PHASE_STRIP = NO;
				DEBUG_INFORMATION_FORMAT = "dwarf-with-dsym";
				ENABLE_NS_ASSERTIONS = NO;
				ENABLE_STRICT_OBJC_MSGSEND = YES;
				GCC_C_LANGUAGE_STANDARD = gnu99;
				GCC_NO_COMMON_BLOCKS = YES;
				GCC_WARN_64_TO_32_BIT_CONVERSION = YES;
				GCC_WARN_ABOUT_RETURN_TYPE = YES_ERROR;
				GCC_WARN_UNDECLARED_SELECTOR = YES;
				GCC_WARN_UNINITIALIZED_AUTOS = YES_AGGRESSIVE;
				GCC_WARN_UNUSED_FUNCTION = YES;
				GCC_WARN_UNUSED_VARIABLE = YES;
				IPHONEOS_DEPLOYMENT_TARGET = 10.2;
				MTL_ENABLE_DEBUG_INFO = NO;
				SDKROOT = iphoneos;
				SWIFT_OPTIMIZATION_LEVEL = "-Owholemodule";
				VALIDATE_PRODUCT = YES;
			};
			name = Release;
		};
		85817AB51E4408C800695D54 /* Debug */ = {
			isa = XCBuildConfiguration;
			buildSettings = {
				ASSETCATALOG_COMPILER_APPICON_NAME = AppIcon;
				DEVELOPMENT_TEAM = VRSS4L6UDW;
				INFOPLIST_FILE = PartyRockApp/Info.plist;
				LD_RUNPATH_SEARCH_PATHS = "$(inherited) @executable_path/Frameworks";
				PRODUCT_BUNDLE_IDENTIFIER = com.SUSU.PartyRockApp;
				PRODUCT_NAME = "$(TARGET_NAME)";
				SWIFT_VERSION = 3.0;
			};
			name = Debug;
		};
		85817AB61E4408C800695D54 /* Release */ = {
			isa = XCBuildConfiguration;
			buildSettings = {
				ASSETCATALOG_COMPILER_APPICON_NAME = AppIcon;
				DEVELOPMENT_TEAM = VRSS4L6UDW;
				INFOPLIST_FILE = PartyRockApp/Info.plist;
				LD_RUNPATH_SEARCH_PATHS = "$(inherited) @executable_path/Frameworks";
				PRODUCT_BUNDLE_IDENTIFIER = com.SUSU.PartyRockApp;
				PRODUCT_NAME = "$(TARGET_NAME)";
				SWIFT_VERSION = 3.0;
			};
			name = Release;
		};
/* End XCBuildConfiguration section */

/* Begin XCConfigurationList section */
		85817A9D1E4408C700695D54 /* Build configuration list for PBXProject "PartyRockApp" */ = {
			isa = XCConfigurationList;
			buildConfigurations = (
				85817AB21E4408C800695D54 /* Debug */,
				85817AB31E4408C800695D54 /* Release */,
			);
			defaultConfigurationIsVisible = 0;
			defaultConfigurationName = Release;
		};
		85817AB41E4408C800695D54 /* Build configuration list for PBXNativeTarget "PartyRockApp" */ = {
			isa = XCConfigurationList;
			buildConfigurations = (
				85817AB51E4408C800695D54 /* Debug */,
				85817AB61E4408C800695D54 /* Release */,
			);
			defaultConfigurationIsVisible = 0;
		};
/* End XCConfigurationList section */
	};
	rootObject = 85817A9A1E4408C700695D54 /* Project object */;
}
